
Microsoft Visual Studio Solution File, Format Version 12.00
# Visual Studio Version 16
VisualStudioVersion = 16.0.30114.105
MinimumVisualStudioVersion = 10.0.40219.1
Project("{FAE04EC0-301F-11D3-BF4B-00C04F79EFBC}") = "API", "API\API.csproj", "{D2EAAD35-969D-4D53-B508-1D16DB32F302}"
EndProject
Project("{FAE04EC0-301F-11D3-BF4B-00C04F79EFBC}") = "Core", "Core\Core.csproj", "{A173859D-6071-4C6F-81A0-608B8592B961}"
EndProject
Project("{FAE04EC0-301F-11D3-BF4B-00C04F79EFBC}") = "Infrastructure", "Infrastructure\Infrastructure.csproj", "{AD4D2E75-4A75-4613-B6AB-BE11E11B5D39}"
EndProject
Global
	GlobalSection(SolutionConfigurationPlatforms) = preSolution
		Debug|Any CPU = Debug|Any CPU
		Release|Any CPU = Release|Any CPU
	EndGlobalSection
	GlobalSection(SolutionProperties) = preSolution
		HideSolutionNode = FALSE
	EndGlobalSection
	GlobalSection(ProjectConfigurationPlatforms) = postSolution
		{D2EAAD35-969D-4D53-B508-1D16DB32F302}.Debug|Any CPU.ActiveCfg = Debug|Any CPU
		{D2EAAD35-969D-4D53-B508-1D16DB32F302}.Debug|Any CPU.Build.0 = Debug|Any CPU
		{D2EAAD35-969D-4D53-B508-1D16DB32F302}.Release|Any CPU.ActiveCfg = Release|Any CPU
		{D2EAAD35-969D-4D53-B508-1D16DB32F302}.Release|Any CPU.Build.0 = Release|Any CPU
		{A173859D-6071-4C6F-81A0-608B8592B961}.Debug|Any CPU.ActiveCfg = Debug|Any CPU
		{A173859D-6071-4C6F-81A0-608B8592B961}.Debug|Any CPU.Build.0 = Debug|Any CPU
		{A173859D-6071-4C6F-81A0-608B8592B961}.Release|Any CPU.ActiveCfg = Release|Any CPU
		{A173859D-6071-4C6F-81A0-608B8592B961}.Release|Any CPU.Build.0 = Release|Any CPU
		{AD4D2E75-4A75-4613-B6AB-BE11E11B5D39}.Debug|Any CPU.ActiveCfg = Debug|Any CPU
		{AD4D2E75-4A75-4613-B6AB-BE11E11B5D39}.Debug|Any CPU.Build.0 = Debug|Any CPU
		{AD4D2E75-4A75-4613-B6AB-BE11E11B5D39}.Release|Any CPU.ActiveCfg = Release|Any CPU
		{AD4D2E75-4A75-4613-B6AB-BE11E11B5D39}.Release|Any CPU.Build.0 = Release|Any CPU
	EndGlobalSection
EndGlobal
